
Microsoft Visual Studio Solution File, Format Version 12.00
# Visual Studio Version 17
VisualStudioVersion = 17.11.35303.130
MinimumVisualStudioVersion = 10.0.40219.1
Project("{FAE04EC0-301F-11D3-BF4B-00C04F79EFBC}") = "Domain", "Domain\Domain.csproj", "{EA026A3F-904C-4210-9132-89A0F333F567}"
EndProject
Project("{FAE04EC0-301F-11D3-BF4B-00C04F79EFBC}") = "Domain.Tests", "Domain.Tests\Domain.Tests.csproj", "{B3DD2C10-D972-42B1-9023-7EC1A13D6514}"
EndProject
Global
	GlobalSection(SolutionConfigurationPlatforms) = preSolution
		Debug|Any CPU = Debug|Any CPU
		Release|Any CPU = Release|Any CPU
	EndGlobalSection
	GlobalSection(ProjectConfigurationPlatforms) = postSolution
		{EA026A3F-904C-4210-9132-89A0F333F567}.Debug|Any CPU.ActiveCfg = Debug|Any CPU
		{EA026A3F-904C-4210-9132-89A0F333F567}.Debug|Any CPU.Build.0 = Debug|Any CPU
		{EA026A3F-904C-4210-9132-89A0F333F567}.Release|Any CPU.ActiveCfg = Release|Any CPU
		{EA026A3F-904C-4210-9132-89A0F333F567}.Release|Any CPU.Build.0 = Release|Any CPU
		{B3DD2C10-D972-42B1-9023-7EC1A13D6514}.Debug|Any CPU.ActiveCfg = Debug|Any CPU
		{B3DD2C10-D972-42B1-9023-7EC1A13D6514}.Debug|Any CPU.Build.0 = Debug|Any CPU
		{B3DD2C10-D972-42B1-9023-7EC1A13D6514}.Release|Any CPU.ActiveCfg = Release|Any CPU
		{B3DD2C10-D972-42B1-9023-7EC1A13D6514}.Release|Any CPU.Build.0 = Release|Any CPU
	EndGlobalSection
	GlobalSection(SolutionProperties) = preSolution
		HideSolutionNode = FALSE
	EndGlobalSection
	GlobalSection(ExtensibilityGlobals) = postSolution
		SolutionGuid = {1697871D-3C96-4ABB-B83A-4F776C6C00EC}
	EndGlobalSection
EndGlobal
